// !$*UTF8*$!
{
	archiveVersion = 1;
	classes = {
	};
	objectVersion = 56;
	objects = {

/* Begin PBXBuildFile section */
		FD18FB1B29D8EE310051DBCE /* HomeViewController.swift in Sources */ = {isa = PBXBuildFile; fileRef = FD18FB1A29D8EE310051DBCE /* HomeViewController.swift */; };
		FD18FB1D29D8F3800051DBCE /* AddViewController.swift in Sources */ = {isa = PBXBuildFile; fileRef = FD18FB1C29D8F3800051DBCE /* AddViewController.swift */; };
		FD3DF16E29DA2FAF007C2224 /* AddViewTextFields.swift in Sources */ = {isa = PBXBuildFile; fileRef = FD3DF16D29DA2FAF007C2224 /* AddViewTextFields.swift */; };
		FD3DF17029DA36BF007C2224 /* ExpenseDatePicker.swift in Sources */ = {isa = PBXBuildFile; fileRef = FD3DF16F29DA36BF007C2224 /* ExpenseDatePicker.swift */; };
		FD657B8C29DB2CEF00DE4AE6 /* Buttons.swift in Sources */ = {isa = PBXBuildFile; fileRef = FD657B8B29DB2CEF00DE4AE6 /* Buttons.swift */; };
		FD657B8E29DB313100DE4AE6 /* ExpenseDetails.swift in Sources */ = {isa = PBXBuildFile; fileRef = FD657B8D29DB313100DE4AE6 /* ExpenseDetails.swift */; };
		FD98DE9229DA0C3A006340E6 /* ExpenseTableViewCell.swift in Sources */ = {isa = PBXBuildFile; fileRef = FD98DE9129DA0C3A006340E6 /* ExpenseTableViewCell.swift */; };
		FD98DE9429DA1B44006340E6 /* TitleLabel.swift in Sources */ = {isa = PBXBuildFile; fileRef = FD98DE9329DA1B44006340E6 /* TitleLabel.swift */; };
		FDC569EC29D8EC7F00E01C61 /* AppDelegate.swift in Sources */ = {isa = PBXBuildFile; fileRef = FDC569EB29D8EC7F00E01C61 /* AppDelegate.swift */; };
		FDC569EE29D8EC7F00E01C61 /* SceneDelegate.swift in Sources */ = {isa = PBXBuildFile; fileRef = FDC569ED29D8EC7F00E01C61 /* SceneDelegate.swift */; };
		FDC569F629D8EC7F00E01C61 /* ExpenseTrackingApp.xcdatamodeld in Sources */ = {isa = PBXBuildFile; fileRef = FDC569F429D8EC7F00E01C61 /* ExpenseTrackingApp.xcdatamodeld */; };
		FDC569F829D8EC8000E01C61 /* Assets.xcassets in Resources */ = {isa = PBXBuildFile; fileRef = FDC569F729D8EC8000E01C61 /* Assets.xcassets */; };
/* End PBXBuildFile section */

/* Begin PBXFileReference section */
		FD18FB1A29D8EE310051DBCE /* HomeViewController.swift */ = {isa = PBXFileReference; lastKnownFileType = sourcecode.swift; path = HomeViewController.swift; sourceTree = "<group>"; };
		FD18FB1C29D8F3800051DBCE /* AddViewController.swift */ = {isa = PBXFileReference; lastKnownFileType = sourcecode.swift; path = AddViewController.swift; sourceTree = "<group>"; };
		FD3DF16D29DA2FAF007C2224 /* AddViewTextFields.swift */ = {isa = PBXFileReference; lastKnownFileType = sourcecode.swift; path = AddViewTextFields.swift; sourceTree = "<group>"; };
		FD3DF16F29DA36BF007C2224 /* ExpenseDatePicker.swift */ = {isa = PBXFileReference; lastKnownFileType = sourcecode.swift; name = ExpenseDatePicker.swift; path = ExpenseTrackingApp/Views/ExpenseDatePicker.swift; sourceTree = SOURCE_ROOT; };
		FD657B8B29DB2CEF00DE4AE6 /* Buttons.swift */ = {isa = PBXFileReference; lastKnownFileType = sourcecode.swift; path = Buttons.swift; sourceTree = "<group>"; };
		FD657B8D29DB313100DE4AE6 /* ExpenseDetails.swift */ = {isa = PBXFileReference; lastKnownFileType = sourcecode.swift; path = ExpenseDetails.swift; sourceTree = "<group>"; };
		FD98DE9129DA0C3A006340E6 /* ExpenseTableViewCell.swift */ = {isa = PBXFileReference; lastKnownFileType = sourcecode.swift; path = ExpenseTableViewCell.swift; sourceTree = "<group>"; };
		FD98DE9329DA1B44006340E6 /* TitleLabel.swift */ = {isa = PBXFileReference; lastKnownFileType = sourcecode.swift; path = TitleLabel.swift; sourceTree = "<group>"; };
		FDC569E829D8EC7F00E01C61 /* ExpenseTrackingApp.app */ = {isa = PBXFileReference; explicitFileType = wrapper.application; includeInIndex = 0; path = ExpenseTrackingApp.app; sourceTree = BUILT_PRODUCTS_DIR; };
		FDC569EB29D8EC7F00E01C61 /* AppDelegate.swift */ = {isa = PBXFileReference; lastKnownFileType = sourcecode.swift; path = AppDelegate.swift; sourceTree = "<group>"; };
		FDC569ED29D8EC7F00E01C61 /* SceneDelegate.swift */ = {isa = PBXFileReference; lastKnownFileType = sourcecode.swift; path = SceneDelegate.swift; sourceTree = "<group>"; };
		FDC569F529D8EC7F00E01C61 /* ExpenseTrackingApp.xcdatamodel */ = {isa = PBXFileReference; lastKnownFileType = wrapper.xcdatamodel; path = ExpenseTrackingApp.xcdatamodel; sourceTree = "<group>"; };
		FDC569F729D8EC8000E01C61 /* Assets.xcassets */ = {isa = PBXFileReference; lastKnownFileType = folder.assetcatalog; path = Assets.xcassets; sourceTree = "<group>"; };
		FDC569FC29D8EC8000E01C61 /* Info.plist */ = {isa = PBXFileReference; lastKnownFileType = text.plist.xml; path = Info.plist; sourceTree = "<group>"; };
/* End PBXFileReference section */

/* Begin PBXFrameworksBuildPhase section */
		FDC569E529D8EC7F00E01C61 /* Frameworks */ = {
			isa = PBXFrameworksBuildPhase;
			buildActionMask = 2147483647;
			files = (
			);
			runOnlyForDeploymentPostprocessing = 0;
		};
/* End PBXFrameworksBuildPhase section */

/* Begin PBXGroup section */
		FD98DE9529DA2E54006340E6 /* Controllers */ = {
			isa = PBXGroup;
			children = (
				FD18FB1A29D8EE310051DBCE /* HomeViewController.swift */,
				FD18FB1C29D8F3800051DBCE /* AddViewController.swift */,
			);
			path = Controllers;
			sourceTree = "<group>";
		};
		FD98DE9629DA2E62006340E6 /* Views */ = {
			isa = PBXGroup;
			children = (
				FD3DF16D29DA2FAF007C2224 /* AddViewTextFields.swift */,
				FD3DF16F29DA36BF007C2224 /* ExpenseDatePicker.swift */,
				FD98DE9329DA1B44006340E6 /* TitleLabel.swift */,
				FD657B8B29DB2CEF00DE4AE6 /* Buttons.swift */,
				FD98DE9929DA2EE6006340E6 /* Custom Views */,
			);
			path = Views;
			sourceTree = "<group>";
		};
		FD98DE9729DA2E78006340E6 /* Modals */ = {
			isa = PBXGroup;
			children = (
				FD657B8D29DB313100DE4AE6 /* ExpenseDetails.swift */,
			);
			path = Modals;
			sourceTree = "<group>";
		};
		FD98DE9829DA2EA5006340E6 /* Supporting Files */ = {
			isa = PBXGroup;
			children = (
				FDC569EB29D8EC7F00E01C61 /* AppDelegate.swift */,
				FDC569ED29D8EC7F00E01C61 /* SceneDelegate.swift */,
				FDC569F729D8EC8000E01C61 /* Assets.xcassets */,
				FDC569FC29D8EC8000E01C61 /* Info.plist */,
				FDC569F429D8EC7F00E01C61 /* ExpenseTrackingApp.xcdatamodeld */,
			);
			path = "Supporting Files";
			sourceTree = "<group>";
		};
		FD98DE9929DA2EE6006340E6 /* Custom Views */ = {
			isa = PBXGroup;
			children = (
				FD98DE9129DA0C3A006340E6 /* ExpenseTableViewCell.swift */,
			);
			path = "Custom Views";
			sourceTree = "<group>";
		};
		FDC569DF29D8EC7F00E01C61 = {
			isa = PBXGroup;
			children = (
				FDC569EA29D8EC7F00E01C61 /* ExpenseTrackingApp */,
				FDC569E929D8EC7F00E01C61 /* Products */,
			);
			sourceTree = "<group>";
		};
		FDC569E929D8EC7F00E01C61 /* Products */ = {
			isa = PBXGroup;
			children = (
				FDC569E829D8EC7F00E01C61 /* ExpenseTrackingApp.app */,
			);
			name = Products;
			sourceTree = "<group>";
		};
		FDC569EA29D8EC7F00E01C61 /* ExpenseTrackingApp */ = {
			isa = PBXGroup;
			children = (
				FD98DE9729DA2E78006340E6 /* Modals */,
				FD98DE9629DA2E62006340E6 /* Views */,
				FD98DE9529DA2E54006340E6 /* Controllers */,
				FD98DE9829DA2EA5006340E6 /* Supporting Files */,
			);
			path = ExpenseTrackingApp;
			sourceTree = "<group>";
		};
/* End PBXGroup section */

/* Begin PBXNativeTarget section */
		FDC569E729D8EC7F00E01C61 /* ExpenseTrackingApp */ = {
			isa = PBXNativeTarget;
			buildConfigurationList = FDC569FF29D8EC8000E01C61 /* Build configuration list for PBXNativeTarget "ExpenseTrackingApp" */;
			buildPhases = (
				FDC569E429D8EC7F00E01C61 /* Sources */,
				FDC569E529D8EC7F00E01C61 /* Frameworks */,
				FDC569E629D8EC7F00E01C61 /* Resources */,
			);
			buildRules = (
			);
			dependencies = (
			);
			name = ExpenseTrackingApp;
			productName = ExpenseTrackingApp;
			productReference = FDC569E829D8EC7F00E01C61 /* ExpenseTrackingApp.app */;
			productType = "com.apple.product-type.application";
		};
/* End PBXNativeTarget section */

/* Begin PBXProject section */
		FDC569E029D8EC7F00E01C61 /* Project object */ = {
			isa = PBXProject;
			attributes = {
				BuildIndependentTargetsInParallel = 1;
				LastSwiftUpdateCheck = 1430;
				LastUpgradeCheck = 1430;
				TargetAttributes = {
					FDC569E729D8EC7F00E01C61 = {
						CreatedOnToolsVersion = 14.3;
					};
				};
			};
			buildConfigurationList = FDC569E329D8EC7F00E01C61 /* Build configuration list for PBXProject "ExpenseTrackingApp" */;
			compatibilityVersion = "Xcode 14.0";
			developmentRegion = en;
			hasScannedForEncodings = 0;
			knownRegions = (
				en,
				Base,
			);
			mainGroup = FDC569DF29D8EC7F00E01C61;
			productRefGroup = FDC569E929D8EC7F00E01C61 /* Products */;
			projectDirPath = "";
			projectRoot = "";
			targets = (
				FDC569E729D8EC7F00E01C61 /* ExpenseTrackingApp */,
			);
		};
/* End PBXProject section */

/* Begin PBXResourcesBuildPhase section */
		FDC569E629D8EC7F00E01C61 /* Resources */ = {
			isa = PBXResourcesBuildPhase;
			buildActionMask = 2147483647;
			files = (
				FDC569F829D8EC8000E01C61 /* Assets.xcassets in Resources */,
			);
			runOnlyForDeploymentPostprocessing = 0;
		};
/* End PBXResourcesBuildPhase section */

/* Begin PBXSourcesBuildPhase section */
		FDC569E429D8EC7F00E01C61 /* Sources */ = {
			isa = PBXSourcesBuildPhase;
			buildActionMask = 2147483647;
			files = (
				FD98DE9229DA0C3A006340E6 /* ExpenseTableViewCell.swift in Sources */,
				FD3DF17029DA36BF007C2224 /* ExpenseDatePicker.swift in Sources */,
				FD18FB1D29D8F3800051DBCE /* AddViewController.swift in Sources */,
				FD3DF16E29DA2FAF007C2224 /* AddViewTextFields.swift in Sources */,
				FDC569EC29D8EC7F00E01C61 /* AppDelegate.swift in Sources */,
				FD657B8C29DB2CEF00DE4AE6 /* Buttons.swift in Sources */,
				FDC569EE29D8EC7F00E01C61 /* SceneDelegate.swift in Sources */,
				FD657B8E29DB313100DE4AE6 /* ExpenseDetails.swift in Sources */,
				FD98DE9429DA1B44006340E6 /* TitleLabel.swift in Sources */,
				FDC569F629D8EC7F00E01C61 /* ExpenseTrackingApp.xcdatamodeld in Sources */,
				FD18FB1B29D8EE310051DBCE /* HomeViewController.swift in Sources */,
			);
			runOnlyForDeploymentPostprocessing = 0;
		};
/* End PBXSourcesBuildPhase section */

/* Begin XCBuildConfiguration section */
		FDC569FD29D8EC8000E01C61 /* Debug */ = {
			isa = XCBuildConfiguration;
			buildSettings = {
				ALWAYS_SEARCH_USER_PATHS = NO;
				CLANG_ANALYZER_NONNULL = YES;
				CLANG_ANALYZER_NUMBER_OBJECT_CONVERSION = YES_AGGRESSIVE;
				CLANG_CXX_LANGUAGE_STANDARD = "gnu++20";
				CLANG_ENABLE_MODULES = YES;
				CLANG_ENABLE_OBJC_ARC = YES;
				CLANG_ENABLE_OBJC_WEAK = YES;
				CLANG_WARN_BLOCK_CAPTURE_AUTORELEASING = YES;
				CLANG_WARN_BOOL_CONVERSION = YES;
				CLANG_WARN_COMMA = YES;
				CLANG_WARN_CONSTANT_CONVERSION = YES;
				CLANG_WARN_DEPRECATED_OBJC_IMPLEMENTATIONS = YES;
				CLANG_WARN_DIRECT_OBJC_ISA_USAGE = YES_ERROR;
				CLANG_WARN_DOCUMENTATION_COMMENTS = YES;
				CLANG_WARN_EMPTY_BODY = YES;
				CLANG_WARN_ENUM_CONVERSION = YES;
				CLANG_WARN_INFINITE_RECURSION = YES;
				CLANG_WARN_INT_CONVERSION = YES;
				CLANG_WARN_NON_LITERAL_NULL_CONVERSION = YES;
				CLANG_WARN_OBJC_IMPLICIT_RETAIN_SELF = YES;
				CLANG_WARN_OBJC_LITERAL_CONVERSION = YES;
				CLANG_WARN_OBJC_ROOT_CLASS = YES_ERROR;
				CLANG_WARN_QUOTED_INCLUDE_IN_FRAMEWORK_HEADER = YES;
				CLANG_WARN_RANGE_LOOP_ANALYSIS = YES;
				CLANG_WARN_STRICT_PROTOTYPES = YES;
				CLANG_WARN_SUSPICIOUS_MOVE = YES;
				CLANG_WARN_UNGUARDED_AVAILABILITY = YES_AGGRESSIVE;
				CLANG_WARN_UNREACHABLE_CODE = YES;
				CLANG_WARN__DUPLICATE_METHOD_MATCH = YES;
				COPY_PHASE_STRIP = NO;
				DEBUG_INFORMATION_FORMAT = dwarf;
				ENABLE_STRICT_OBJC_MSGSEND = YES;
				ENABLE_TESTABILITY = YES;
				GCC_C_LANGUAGE_STANDARD = gnu11;
				GCC_DYNAMIC_NO_PIC = NO;
				GCC_NO_COMMON_BLOCKS = YES;
				GCC_OPTIMIZATION_LEVEL = 0;
				GCC_PREPROCESSOR_DEFINITIONS = (
					"DEBUG=1",
					"$(inherited)",
				);
				GCC_WARN_64_TO_32_BIT_CONVERSION = YES;
				GCC_WARN_ABOUT_RETURN_TYPE = YES_ERROR;
				GCC_WARN_UNDECLARED_SELECTOR = YES;
				GCC_WARN_UNINITIALIZED_AUTOS = YES_AGGRESSIVE;
				GCC_WARN_UNUSED_FUNCTION = YES;
				GCC_WARN_UNUSED_VARIABLE = YES;
				IPHONEOS_DEPLOYMENT_TARGET = 16.4;
				MTL_ENABLE_DEBUG_INFO = INCLUDE_SOURCE;
				MTL_FAST_MATH = YES;
				ONLY_ACTIVE_ARCH = YES;
				SDKROOT = iphoneos;
				SWIFT_ACTIVE_COMPILATION_CONDITIONS = DEBUG;
				SWIFT_OPTIMIZATION_LEVEL = "-Onone";
			};
			name = Debug;
		};
		FDC569FE29D8EC8000E01C61 /* Release */ = {
			isa = XCBuildConfiguration;
			buildSettings = {
				ALWAYS_SEARCH_USER_PATHS = NO;
				CLANG_ANALYZER_NONNULL = YES;
				CLANG_ANALYZER_NUMBER_OBJECT_CONVERSION = YES_AGGRESSIVE;
				CLANG_CXX_LANGUAGE_STANDARD = "gnu++20";
				CLANG_ENABLE_MODULES = YES;
				CLANG_ENABLE_OBJC_ARC = YES;
				CLANG_ENABLE_OBJC_WEAK = YES;
				CLANG_WARN_BLOCK_CAPTURE_AUTORELEASING = YES;
				CLANG_WARN_BOOL_CONVERSION = YES;
				CLANG_WARN_COMMA = YES;
				CLANG_WARN_CONSTANT_CONVERSION = YES;
				CLANG_WARN_DEPRECATED_OBJC_IMPLEMENTATIONS = YES;
				CLANG_WARN_DIRECT_OBJC_ISA_USAGE = YES_ERROR;
				CLANG_WARN_DOCUMENTATION_COMMENTS = YES;
				CLANG_WARN_EMPTY_BODY = YES;
				CLANG_WARN_ENUM_CONVERSION = YES;
				CLANG_WARN_INFINITE_RECURSION = YES;
				CLANG_WARN_INT_CONVERSION = YES;
				CLANG_WARN_NON_LITERAL_NULL_CONVERSION = YES;
				CLANG_WARN_OBJC_IMPLICIT_RETAIN_SELF = YES;
				CLANG_WARN_OBJC_LITERAL_CONVERSION = YES;
				CLANG_WARN_OBJC_ROOT_CLASS = YES_ERROR;
				CLANG_WARN_QUOTED_INCLUDE_IN_FRAMEWORK_HEADER = YES;
				CLANG_WARN_RANGE_LOOP_ANALYSIS = YES;
				CLANG_WARN_STRICT_PROTOTYPES = YES;
				CLANG_WARN_SUSPICIOUS_MOVE = YES;
				CLANG_WARN_UNGUARDED_AVAILABILITY = YES_AGGRESSIVE;
				CLANG_WARN_UNREACHABLE_CODE = YES;
				CLANG_WARN__DUPLICATE_METHOD_MATCH = YES;
				COPY_PHASE_STRIP = NO;
				DEBUG_INFORMATION_FORMAT = "dwarf-with-dsym";
				ENABLE_NS_ASSERTIONS = NO;
				ENABLE_STRICT_OBJC_MSGSEND = YES;
				GCC_C_LANGUAGE_STANDARD = gnu11;
				GCC_NO_COMMON_BLOCKS = YES;
				GCC_WARN_64_TO_32_BIT_CONVERSION = YES;
				GCC_WARN_ABOUT_RETURN_TYPE = YES_ERROR;
				GCC_WARN_UNDECLARED_SELECTOR = YES;
				GCC_WARN_UNINITIALIZED_AUTOS = YES_AGGRESSIVE;
				GCC_WARN_UNUSED_FUNCTION = YES;
				GCC_WARN_UNUSED_VARIABLE = YES;
				IPHONEOS_DEPLOYMENT_TARGET = 16.4;
				MTL_ENABLE_DEBUG_INFO = NO;
				MTL_FAST_MATH = YES;
				SDKROOT = iphoneos;
				SWIFT_COMPILATION_MODE = wholemodule;
				SWIFT_OPTIMIZATION_LEVEL = "-O";
				VALIDATE_PRODUCT = YES;
			};
			name = Release;
		};
		FDC56A0029D8EC8000E01C61 /* Debug */ = {
			isa = XCBuildConfiguration;
			buildSettings = {
				ASSETCATALOG_COMPILER_APPICON_NAME = AppIcon;
				ASSETCATALOG_COMPILER_GLOBAL_ACCENT_COLOR_NAME = AccentColor;
				CODE_SIGN_STYLE = Automatic;
				CURRENT_PROJECT_VERSION = 1;
				DEVELOPMENT_TEAM = 9TUJL3M286;
				GENERATE_INFOPLIST_FILE = YES;
				INFOPLIST_FILE = "ExpenseTrackingApp/Supporting Files/Info.plist";
				INFOPLIST_KEY_UIApplicationSupportsIndirectInputEvents = YES;
				INFOPLIST_KEY_UILaunchStoryboardName = LaunchScreen;
				INFOPLIST_KEY_UISupportedInterfaceOrientations_iPad = "UIInterfaceOrientationPortrait UIInterfaceOrientationPortraitUpsideDown UIInterfaceOrientationLandscapeLeft UIInterfaceOrientationLandscapeRight";
				INFOPLIST_KEY_UISupportedInterfaceOrientations_iPhone = "UIInterfaceOrientationPortrait UIInterfaceOrientationLandscapeLeft UIInterfaceOrientationLandscapeRight";
				LD_RUNPATH_SEARCH_PATHS = (
					"$(inherited)",
					"@executable_path/Frameworks",
				);
				MARKETING_VERSION = 1.0;
				PRODUCT_BUNDLE_IDENTIFIER = com.samederyigit.ExpenseTrackingApp;
				PRODUCT_NAME = "$(TARGET_NAME)";
				SWIFT_EMIT_LOC_STRINGS = YES;
				SWIFT_VERSION = 5.0;
				TARGETED_DEVICE_FAMILY = "1,2";
			};
			name = Debug;
		};
		FDC56A0129D8EC8000E01C61 /* Release */ = {
			isa = XCBuildConfiguration;
			buildSettings = {
				ASSETCATALOG_COMPILER_APPICON_NAME = AppIcon;
				ASSETCATALOG_COMPILER_GLOBAL_ACCENT_COLOR_NAME = AccentColor;
				CODE_SIGN_STYLE = Automatic;
				CURRENT_PROJECT_VERSION = 1;
				DEVELOPMENT_TEAM = 9TUJL3M286;
				GENERATE_INFOPLIST_FILE = YES;
				INFOPLIST_FILE = "ExpenseTrackingApp/Supporting Files/Info.plist";
				INFOPLIST_KEY_UIApplicationSupportsIndirectInputEvents = YES;
				INFOPLIST_KEY_UILaunchStoryboardName = LaunchScreen;
				INFOPLIST_KEY_UISupportedInterfaceOrientations_iPad = "UIInterfaceOrientationPortrait UIInterfaceOrientationPortraitUpsideDown UIInterfaceOrientationLandscapeLeft UIInterfaceOrientationLandscapeRight";
				INFOPLIST_KEY_UISupportedInterfaceOrientations_iPhone = "UIInterfaceOrientationPortrait UIInterfaceOrientationLandscapeLeft UIInterfaceOrientationLandscapeRight";
				LD_RUNPATH_SEARCH_PATHS = (
					"$(inherited)",
					"@executable_path/Frameworks",
				);
				MARKETING_VERSION = 1.0;
				PRODUCT_BUNDLE_IDENTIFIER = com.samederyigit.ExpenseTrackingApp;
				PRODUCT_NAME = "$(TARGET_NAME)";
				SWIFT_EMIT_LOC_STRINGS = YES;
				SWIFT_VERSION = 5.0;
				TARGETED_DEVICE_FAMILY = "1,2";
			};
			name = Release;
		};
/* End XCBuildConfiguration section */

/* Begin XCConfigurationList section */
		FDC569E329D8EC7F00E01C61 /* Build configuration list for PBXProject "ExpenseTrackingApp" */ = {
			isa = XCConfigurationList;
			buildConfigurations = (
				FDC569FD29D8EC8000E01C61 /* Debug */,
				FDC569FE29D8EC8000E01C61 /* Release */,
			);
			defaultConfigurationIsVisible = 0;
			defaultConfigurationName = Release;
		};
		FDC569FF29D8EC8000E01C61 /* Build configuration list for PBXNativeTarget "ExpenseTrackingApp" */ = {
			isa = XCConfigurationList;
			buildConfigurations = (
				FDC56A0029D8EC8000E01C61 /* Debug */,
				FDC56A0129D8EC8000E01C61 /* Release */,
			);
			defaultConfigurationIsVisible = 0;
			defaultConfigurationName = Release;
		};
/* End XCConfigurationList section */

/* Begin XCVersionGroup section */
		FDC569F429D8EC7F00E01C61 /* ExpenseTrackingApp.xcdatamodeld */ = {
			isa = XCVersionGroup;
			children = (
				FDC569F529D8EC7F00E01C61 /* ExpenseTrackingApp.xcdatamodel */,
			);
			currentVersion = FDC569F529D8EC7F00E01C61 /* ExpenseTrackingApp.xcdatamodel */;
			path = ExpenseTrackingApp.xcdatamodeld;
			sourceTree = "<group>";
			versionGroupType = wrapper.xcdatamodel;
		};
/* End XCVersionGroup section */
	};
	rootObject = FDC569E029D8EC7F00E01C61 /* Project object */;
}
